
Microsoft Visual Studio Solution File, Format Version 12.00
# Visual Studio Version 16
VisualStudioVersion = 16.0.31515.178
MinimumVisualStudioVersion = 10.0.40219.1
Project("{9A19103F-16F7-4668-BE54-9A1E7A4F7556}") = "PrancingPonySharp.Maybe", "PrancingPonySharp.Maybe.csproj", "{FD158C36-F433-4F95-9E40-65A6A957932C}"
EndProject
Project("{9A19103F-16F7-4668-BE54-9A1E7A4F7556}") = "PrancingPonySharp.Test", "..\PrancingPonySharp.Test\PrancingPonySharp.Test.csproj", "{CBAAAE98-B728-415E-8545-5BA52B67C358}"
EndProject
Global
	GlobalSection(SolutionConfigurationPlatforms) = preSolution
		Debug|Any CPU = Debug|Any CPU
		Release|Any CPU = Release|Any CPU
	EndGlobalSection
	GlobalSection(ProjectConfigurationPlatforms) = postSolution
		{FD158C36-F433-4F95-9E40-65A6A957932C}.Debug|Any CPU.ActiveCfg = Debug|Any CPU
		{FD158C36-F433-4F95-9E40-65A6A957932C}.Debug|Any CPU.Build.0 = Debug|Any CPU
		{FD158C36-F433-4F95-9E40-65A6A957932C}.Release|Any CPU.ActiveCfg = Release|Any CPU
		{FD158C36-F433-4F95-9E40-65A6A957932C}.Release|Any CPU.Build.0 = Release|Any CPU
		{CBAAAE98-B728-415E-8545-5BA52B67C358}.Debug|Any CPU.ActiveCfg = Debug|Any CPU
		{CBAAAE98-B728-415E-8545-5BA52B67C358}.Debug|Any CPU.Build.0 = Debug|Any CPU
		{CBAAAE98-B728-415E-8545-5BA52B67C358}.Release|Any CPU.ActiveCfg = Release|Any CPU
		{CBAAAE98-B728-415E-8545-5BA52B67C358}.Release|Any CPU.Build.0 = Release|Any CPU
	EndGlobalSection
	GlobalSection(SolutionProperties) = preSolution
		HideSolutionNode = FALSE
	EndGlobalSection
	GlobalSection(ExtensibilityGlobals) = postSolution
		SolutionGuid = {1CE088E1-91A4-4589-96D1-B3EBBA813E37}
	EndGlobalSection
EndGlobal
